// !$*UTF8*$!
{
	archiveVersion = 1;
	classes = {
	};
	objectVersion = 50;
	objects = {

/* Begin PBXBuildFile section */
		1D5038FA48753B04BEC2A127 /* Pods_AdaTests.framework in Frameworks */ = {isa = PBXBuildFile; fileRef = C099DFD7AF8FFAAD9755AFEC /* Pods_AdaTests.framework */; };
		66F0298E78DD32B548F1DA1F /* Pods_Ada.framework in Frameworks */ = {isa = PBXBuildFile; fileRef = 953E90B0A06AC2322E4656FE /* Pods_Ada.framework */; };
		832F2D93C7B7FD446A1D6F5F /* Pods_AdaUITests.framework in Frameworks */ = {isa = PBXBuildFile; fileRef = 13CB7B7F722342B60BE76E63 /* Pods_AdaUITests.framework */; };
		FA3599DB21647A50005C0484 /* .gitignore in Resources */ = {isa = PBXBuildFile; fileRef = FA3599DA21647A50005C0484 /* .gitignore */; };
		FA3599DD21647A94005C0484 /* LICENCE in Resources */ = {isa = PBXBuildFile; fileRef = FA3599DC21647A94005C0484 /* LICENCE */; };
		FA359A0921647DAD005C0484 /* index.html in Resources */ = {isa = PBXBuildFile; fileRef = FA3599DF21647DAD005C0484 /* index.html */; };
		FA359A0A21647DAD005C0484 /* search.json in Resources */ = {isa = PBXBuildFile; fileRef = FA3599E021647DAD005C0484 /* search.json */; };
		FA359A0B21647DAD005C0484 /* highlight.css in Resources */ = {isa = PBXBuildFile; fileRef = FA3599E221647DAD005C0484 /* highlight.css */; };
		FA359A0C21647DAD005C0484 /* jazzy.css in Resources */ = {isa = PBXBuildFile; fileRef = FA3599E321647DAD005C0484 /* jazzy.css */; };
		FA359A0D21647DAD005C0484 /* ViewController.html in Resources */ = {isa = PBXBuildFile; fileRef = FA3599E521647DAD005C0484 /* ViewController.html */; };
		FA359A0E21647DAD005C0484 /* AppDelegate.html in Resources */ = {isa = PBXBuildFile; fileRef = FA3599E621647DAD005C0484 /* AppDelegate.html */; };
		FA359A0F21647DAD005C0484 /* jquery.min.js in Resources */ = {isa = PBXBuildFile; fileRef = FA3599E821647DAD005C0484 /* jquery.min.js */; };
		FA359A1021647DAD005C0484 /* jazzy.js in Resources */ = {isa = PBXBuildFile; fileRef = FA3599E921647DAD005C0484 /* jazzy.js */; };
		FA359A1121647DAD005C0484 /* carat.png in Resources */ = {isa = PBXBuildFile; fileRef = FA3599EB21647DAD005C0484 /* carat.png */; };
		FA359A1221647DAD005C0484 /* dash.png in Resources */ = {isa = PBXBuildFile; fileRef = FA3599EC21647DAD005C0484 /* dash.png */; };
		FA359A1321647DAD005C0484 /* gh.png in Resources */ = {isa = PBXBuildFile; fileRef = FA3599ED21647DAD005C0484 /* gh.png */; };
		FA359A1421647DAD005C0484 /* undocumented.json in Resources */ = {isa = PBXBuildFile; fileRef = FA3599EE21647DAD005C0484 /* undocumented.json */; };
		FA359A1521647DAD005C0484 /* badge.svg in Resources */ = {isa = PBXBuildFile; fileRef = FA3599EF21647DAD005C0484 /* badge.svg */; };
		FA359A1621647DAD005C0484 /* Classes.html in Resources */ = {isa = PBXBuildFile; fileRef = FA3599F021647DAD005C0484 /* Classes.html */; };
		FA359A1721647DAD005C0484 /* docSet.dsidx in Resources */ = {isa = PBXBuildFile; fileRef = FA3599F521647DAD005C0484 /* docSet.dsidx */; };
		FA359A1821647DAD005C0484 /* index.html in Resources */ = {isa = PBXBuildFile; fileRef = FA3599F721647DAD005C0484 /* index.html */; };
		FA359A1921647DAD005C0484 /* search.json in Resources */ = {isa = PBXBuildFile; fileRef = FA3599F821647DAD005C0484 /* search.json */; };
		FA359A1A21647DAD005C0484 /* highlight.css in Resources */ = {isa = PBXBuildFile; fileRef = FA3599FA21647DAD005C0484 /* highlight.css */; };
		FA359A1B21647DAD005C0484 /* jazzy.css in Resources */ = {isa = PBXBuildFile; fileRef = FA3599FB21647DAD005C0484 /* jazzy.css */; };
		FA359A1C21647DAD005C0484 /* ViewController.html in Resources */ = {isa = PBXBuildFile; fileRef = FA3599FD21647DAD005C0484 /* ViewController.html */; };
		FA359A1D21647DAD005C0484 /* AppDelegate.html in Resources */ = {isa = PBXBuildFile; fileRef = FA3599FE21647DAD005C0484 /* AppDelegate.html */; };
		FA359A1E21647DAD005C0484 /* jquery.min.js in Resources */ = {isa = PBXBuildFile; fileRef = FA359A0021647DAD005C0484 /* jquery.min.js */; };
		FA359A1F21647DAD005C0484 /* jazzy.js in Resources */ = {isa = PBXBuildFile; fileRef = FA359A0121647DAD005C0484 /* jazzy.js */; };
		FA359A2021647DAD005C0484 /* carat.png in Resources */ = {isa = PBXBuildFile; fileRef = FA359A0321647DAD005C0484 /* carat.png */; };
		FA359A2121647DAD005C0484 /* dash.png in Resources */ = {isa = PBXBuildFile; fileRef = FA359A0421647DAD005C0484 /* dash.png */; };
		FA359A2221647DAD005C0484 /* gh.png in Resources */ = {isa = PBXBuildFile; fileRef = FA359A0521647DAD005C0484 /* gh.png */; };
		FA359A2321647DAD005C0484 /* Classes.html in Resources */ = {isa = PBXBuildFile; fileRef = FA359A0621647DAD005C0484 /* Classes.html */; };
		FA359A2421647DAD005C0484 /* Info.plist in Resources */ = {isa = PBXBuildFile; fileRef = FA359A0721647DAD005C0484 /* Info.plist */; };
		FA359A2521647DAD005C0484 /* .tgz in Resources */ = {isa = PBXBuildFile; fileRef = FA359A0821647DAD005C0484 /* .tgz */; };
		FA359A2721647E50005C0484 /* README.md in Resources */ = {isa = PBXBuildFile; fileRef = FA359A2621647E50005C0484 /* README.md */; };
		FA41AC6B2164773F00823ED5 /* AppDelegate.swift in Sources */ = {isa = PBXBuildFile; fileRef = FA41AC6A2164773F00823ED5 /* AppDelegate.swift */; };
		FA41AC6D2164773F00823ED5 /* ViewController.swift in Sources */ = {isa = PBXBuildFile; fileRef = FA41AC6C2164773F00823ED5 /* ViewController.swift */; };
		FA41AC702164773F00823ED5 /* Main.storyboard in Resources */ = {isa = PBXBuildFile; fileRef = FA41AC6E2164773F00823ED5 /* Main.storyboard */; };
		FA41AC722164774000823ED5 /* Assets.xcassets in Resources */ = {isa = PBXBuildFile; fileRef = FA41AC712164774000823ED5 /* Assets.xcassets */; };
		FA41AC752164774000823ED5 /* LaunchScreen.storyboard in Resources */ = {isa = PBXBuildFile; fileRef = FA41AC732164774000823ED5 /* LaunchScreen.storyboard */; };
		FA41AC802164774000823ED5 /* AdaTests.swift in Sources */ = {isa = PBXBuildFile; fileRef = FA41AC7F2164774000823ED5 /* AdaTests.swift */; };
		FA41AC8B2164774000823ED5 /* AdaUITests.swift in Sources */ = {isa = PBXBuildFile; fileRef = FA41AC8A2164774000823ED5 /* AdaUITests.swift */; };
		FA41AC99216478E800823ED5 /* Podfile in Resources */ = {isa = PBXBuildFile; fileRef = FA41AC98216478E800823ED5 /* Podfile */; };
/* End PBXBuildFile section */

/* Begin PBXContainerItemProxy section */
		FA41AC7C2164774000823ED5 /* PBXContainerItemProxy */ = {
			isa = PBXContainerItemProxy;
			containerPortal = FA41AC5F2164773F00823ED5 /* Project object */;
			proxyType = 1;
			remoteGlobalIDString = FA41AC662164773F00823ED5;
			remoteInfo = Ada;
		};
		FA41AC872164774000823ED5 /* PBXContainerItemProxy */ = {
			isa = PBXContainerItemProxy;
			containerPortal = FA41AC5F2164773F00823ED5 /* Project object */;
			proxyType = 1;
			remoteGlobalIDString = FA41AC662164773F00823ED5;
			remoteInfo = Ada;
		};
/* End PBXContainerItemProxy section */

/* Begin PBXFileReference section */
		10CDC0027279D467C7836072 /* Pods-AdaUITests.debug.xcconfig */ = {isa = PBXFileReference; includeInIndex = 1; lastKnownFileType = text.xcconfig; name = "Pods-AdaUITests.debug.xcconfig"; path = "Pods/Target Support Files/Pods-AdaUITests/Pods-AdaUITests.debug.xcconfig"; sourceTree = "<group>"; };
		13CB7B7F722342B60BE76E63 /* Pods_AdaUITests.framework */ = {isa = PBXFileReference; explicitFileType = wrapper.framework; includeInIndex = 0; path = Pods_AdaUITests.framework; sourceTree = BUILT_PRODUCTS_DIR; };
		20E88D1C349D283EFF7644E5 /* Pods-AdaTests.debug.xcconfig */ = {isa = PBXFileReference; includeInIndex = 1; lastKnownFileType = text.xcconfig; name = "Pods-AdaTests.debug.xcconfig"; path = "Pods/Target Support Files/Pods-AdaTests/Pods-AdaTests.debug.xcconfig"; sourceTree = "<group>"; };
		504CC7C597260466196F4192 /* Pods-AdaUITests.release.xcconfig */ = {isa = PBXFileReference; includeInIndex = 1; lastKnownFileType = text.xcconfig; name = "Pods-AdaUITests.release.xcconfig"; path = "Pods/Target Support Files/Pods-AdaUITests/Pods-AdaUITests.release.xcconfig"; sourceTree = "<group>"; };
		5841E2E6090D125440075893 /* Pods-AdaTests.release.xcconfig */ = {isa = PBXFileReference; includeInIndex = 1; lastKnownFileType = text.xcconfig; name = "Pods-AdaTests.release.xcconfig"; path = "Pods/Target Support Files/Pods-AdaTests/Pods-AdaTests.release.xcconfig"; sourceTree = "<group>"; };
		9419A569BD0FE3D6FB0517EC /* Pods-Ada.debug.xcconfig */ = {isa = PBXFileReference; includeInIndex = 1; lastKnownFileType = text.xcconfig; name = "Pods-Ada.debug.xcconfig"; path = "Pods/Target Support Files/Pods-Ada/Pods-Ada.debug.xcconfig"; sourceTree = "<group>"; };
		953E90B0A06AC2322E4656FE /* Pods_Ada.framework */ = {isa = PBXFileReference; explicitFileType = wrapper.framework; includeInIndex = 0; path = Pods_Ada.framework; sourceTree = BUILT_PRODUCTS_DIR; };
		C099DFD7AF8FFAAD9755AFEC /* Pods_AdaTests.framework */ = {isa = PBXFileReference; explicitFileType = wrapper.framework; includeInIndex = 0; path = Pods_AdaTests.framework; sourceTree = BUILT_PRODUCTS_DIR; };
		DFC8BCB1CB98E1D8980ED05F /* Pods-Ada.release.xcconfig */ = {isa = PBXFileReference; includeInIndex = 1; lastKnownFileType = text.xcconfig; name = "Pods-Ada.release.xcconfig"; path = "Pods/Target Support Files/Pods-Ada/Pods-Ada.release.xcconfig"; sourceTree = "<group>"; };
		FA3599DA21647A50005C0484 /* .gitignore */ = {isa = PBXFileReference; lastKnownFileType = text; path = .gitignore; sourceTree = "<group>"; };
		FA3599DC21647A94005C0484 /* LICENCE */ = {isa = PBXFileReference; lastKnownFileType = text; path = LICENCE; sourceTree = "<group>"; };
		FA3599DF21647DAD005C0484 /* index.html */ = {isa = PBXFileReference; fileEncoding = 4; lastKnownFileType = text.html; path = index.html; sourceTree = "<group>"; };
		FA3599E021647DAD005C0484 /* search.json */ = {isa = PBXFileReference; fileEncoding = 4; lastKnownFileType = text.json; path = search.json; sourceTree = "<group>"; };
		FA3599E221647DAD005C0484 /* highlight.css */ = {isa = PBXFileReference; fileEncoding = 4; lastKnownFileType = text.css; path = highlight.css; sourceTree = "<group>"; };
		FA3599E321647DAD005C0484 /* jazzy.css */ = {isa = PBXFileReference; fileEncoding = 4; lastKnownFileType = text.css; path = jazzy.css; sourceTree = "<group>"; };
		FA3599E521647DAD005C0484 /* ViewController.html */ = {isa = PBXFileReference; fileEncoding = 4; lastKnownFileType = text.html; path = ViewController.html; sourceTree = "<group>"; };
		FA3599E621647DAD005C0484 /* AppDelegate.html */ = {isa = PBXFileReference; fileEncoding = 4; lastKnownFileType = text.html; path = AppDelegate.html; sourceTree = "<group>"; };
		FA3599E821647DAD005C0484 /* jquery.min.js */ = {isa = PBXFileReference; fileEncoding = 4; lastKnownFileType = sourcecode.javascript; path = jquery.min.js; sourceTree = "<group>"; };
		FA3599E921647DAD005C0484 /* jazzy.js */ = {isa = PBXFileReference; fileEncoding = 4; lastKnownFileType = sourcecode.javascript; path = jazzy.js; sourceTree = "<group>"; };
		FA3599EB21647DAD005C0484 /* carat.png */ = {isa = PBXFileReference; lastKnownFileType = image.png; path = carat.png; sourceTree = "<group>"; };
		FA3599EC21647DAD005C0484 /* dash.png */ = {isa = PBXFileReference; lastKnownFileType = image.png; path = dash.png; sourceTree = "<group>"; };
		FA3599ED21647DAD005C0484 /* gh.png */ = {isa = PBXFileReference; lastKnownFileType = image.png; path = gh.png; sourceTree = "<group>"; };
		FA3599EE21647DAD005C0484 /* undocumented.json */ = {isa = PBXFileReference; fileEncoding = 4; lastKnownFileType = text.json; path = undocumented.json; sourceTree = "<group>"; };
		FA3599EF21647DAD005C0484 /* badge.svg */ = {isa = PBXFileReference; fileEncoding = 4; lastKnownFileType = text; path = badge.svg; sourceTree = "<group>"; };
		FA3599F021647DAD005C0484 /* Classes.html */ = {isa = PBXFileReference; fileEncoding = 4; lastKnownFileType = text.html; path = Classes.html; sourceTree = "<group>"; };
		FA3599F521647DAD005C0484 /* docSet.dsidx */ = {isa = PBXFileReference; lastKnownFileType = file; path = docSet.dsidx; sourceTree = "<group>"; };
		FA3599F721647DAD005C0484 /* index.html */ = {isa = PBXFileReference; fileEncoding = 4; lastKnownFileType = text.html.documentation; path = index.html; sourceTree = "<group>"; };
		FA3599F821647DAD005C0484 /* search.json */ = {isa = PBXFileReference; fileEncoding = 4; lastKnownFileType = text.json; path = search.json; sourceTree = "<group>"; };
		FA3599FA21647DAD005C0484 /* highlight.css */ = {isa = PBXFileReference; fileEncoding = 4; lastKnownFileType = text.css; path = highlight.css; sourceTree = "<group>"; };
		FA3599FB21647DAD005C0484 /* jazzy.css */ = {isa = PBXFileReference; fileEncoding = 4; lastKnownFileType = text.css; path = jazzy.css; sourceTree = "<group>"; };
		FA3599FD21647DAD005C0484 /* ViewController.html */ = {isa = PBXFileReference; fileEncoding = 4; lastKnownFileType = text.html.documentation; path = ViewController.html; sourceTree = "<group>"; };
		FA3599FE21647DAD005C0484 /* AppDelegate.html */ = {isa = PBXFileReference; fileEncoding = 4; lastKnownFileType = text.html.documentation; path = AppDelegate.html; sourceTree = "<group>"; };
		FA359A0021647DAD005C0484 /* jquery.min.js */ = {isa = PBXFileReference; fileEncoding = 4; lastKnownFileType = sourcecode.javascript; path = jquery.min.js; sourceTree = "<group>"; };
		FA359A0121647DAD005C0484 /* jazzy.js */ = {isa = PBXFileReference; fileEncoding = 4; lastKnownFileType = sourcecode.javascript; path = jazzy.js; sourceTree = "<group>"; };
		FA359A0321647DAD005C0484 /* carat.png */ = {isa = PBXFileReference; lastKnownFileType = image.png; path = carat.png; sourceTree = "<group>"; };
		FA359A0421647DAD005C0484 /* dash.png */ = {isa = PBXFileReference; lastKnownFileType = image.png; path = dash.png; sourceTree = "<group>"; };
		FA359A0521647DAD005C0484 /* gh.png */ = {isa = PBXFileReference; lastKnownFileType = image.png; path = gh.png; sourceTree = "<group>"; };
		FA359A0621647DAD005C0484 /* Classes.html */ = {isa = PBXFileReference; fileEncoding = 4; lastKnownFileType = text.html.documentation; path = Classes.html; sourceTree = "<group>"; };
		FA359A0721647DAD005C0484 /* Info.plist */ = {isa = PBXFileReference; fileEncoding = 4; lastKnownFileType = text.plist.xml; path = Info.plist; sourceTree = "<group>"; };
		FA359A0821647DAD005C0484 /* .tgz */ = {isa = PBXFileReference; lastKnownFileType = file; path = .tgz; sourceTree = "<group>"; };
		FA359A2621647E50005C0484 /* README.md */ = {isa = PBXFileReference; fileEncoding = 4; lastKnownFileType = net.daringfireball.markdown; path = README.md; sourceTree = "<group>"; };
		FA359A2921647FA2005C0484 /* xcode.md */ = {isa = PBXFileReference; lastKnownFileType = net.daringfireball.markdown; path = xcode.md; sourceTree = "<group>"; };
		FA41AC672164773F00823ED5 /* Ada.app */ = {isa = PBXFileReference; explicitFileType = wrapper.application; includeInIndex = 0; path = Ada.app; sourceTree = BUILT_PRODUCTS_DIR; };
		FA41AC6A2164773F00823ED5 /* AppDelegate.swift */ = {isa = PBXFileReference; lastKnownFileType = sourcecode.swift; path = AppDelegate.swift; sourceTree = "<group>"; };
		FA41AC6C2164773F00823ED5 /* ViewController.swift */ = {isa = PBXFileReference; lastKnownFileType = sourcecode.swift; path = ViewController.swift; sourceTree = "<group>"; };
		FA41AC6F2164773F00823ED5 /* Base */ = {isa = PBXFileReference; lastKnownFileType = file.storyboard; name = Base; path = Base.lproj/Main.storyboard; sourceTree = "<group>"; };
		FA41AC712164774000823ED5 /* Assets.xcassets */ = {isa = PBXFileReference; lastKnownFileType = folder.assetcatalog; path = Assets.xcassets; sourceTree = "<group>"; };
		FA41AC742164774000823ED5 /* Base */ = {isa = PBXFileReference; lastKnownFileType = file.storyboard; name = Base; path = Base.lproj/LaunchScreen.storyboard; sourceTree = "<group>"; };
		FA41AC762164774000823ED5 /* Info.plist */ = {isa = PBXFileReference; lastKnownFileType = text.plist.xml; path = Info.plist; sourceTree = "<group>"; };
		FA41AC7B2164774000823ED5 /* AdaTests.xctest */ = {isa = PBXFileReference; explicitFileType = wrapper.cfbundle; includeInIndex = 0; path = AdaTests.xctest; sourceTree = BUILT_PRODUCTS_DIR; };
		FA41AC7F2164774000823ED5 /* AdaTests.swift */ = {isa = PBXFileReference; lastKnownFileType = sourcecode.swift; path = AdaTests.swift; sourceTree = "<group>"; };
		FA41AC812164774000823ED5 /* Info.plist */ = {isa = PBXFileReference; lastKnownFileType = text.plist.xml; path = Info.plist; sourceTree = "<group>"; };
		FA41AC862164774000823ED5 /* AdaUITests.xctest */ = {isa = PBXFileReference; explicitFileType = wrapper.cfbundle; includeInIndex = 0; path = AdaUITests.xctest; sourceTree = BUILT_PRODUCTS_DIR; };
		FA41AC8A2164774000823ED5 /* AdaUITests.swift */ = {isa = PBXFileReference; lastKnownFileType = sourcecode.swift; path = AdaUITests.swift; sourceTree = "<group>"; };
		FA41AC8C2164774000823ED5 /* Info.plist */ = {isa = PBXFileReference; lastKnownFileType = text.plist.xml; path = Info.plist; sourceTree = "<group>"; };
		FA41AC98216478E800823ED5 /* Podfile */ = {isa = PBXFileReference; fileEncoding = 4; lastKnownFileType = text; path = Podfile; sourceTree = "<group>"; };
/* End PBXFileReference section */

/* Begin PBXFrameworksBuildPhase section */
		FA41AC642164773F00823ED5 /* Frameworks */ = {
			isa = PBXFrameworksBuildPhase;
			buildActionMask = 2147483647;
			files = (
				66F0298E78DD32B548F1DA1F /* Pods_Ada.framework in Frameworks */,
			);
			runOnlyForDeploymentPostprocessing = 0;
		};
		FA41AC782164774000823ED5 /* Frameworks */ = {
			isa = PBXFrameworksBuildPhase;
			buildActionMask = 2147483647;
			files = (
				1D5038FA48753B04BEC2A127 /* Pods_AdaTests.framework in Frameworks */,
			);
			runOnlyForDeploymentPostprocessing = 0;
		};
		FA41AC832164774000823ED5 /* Frameworks */ = {
			isa = PBXFrameworksBuildPhase;
			buildActionMask = 2147483647;
			files = (
				832F2D93C7B7FD446A1D6F5F /* Pods_AdaUITests.framework in Frameworks */,
			);
			runOnlyForDeploymentPostprocessing = 0;
		};
/* End PBXFrameworksBuildPhase section */

/* Begin PBXGroup section */
		16101A69BB593D6888981C67 /* Frameworks */ = {
			isa = PBXGroup;
			children = (
				953E90B0A06AC2322E4656FE /* Pods_Ada.framework */,
				C099DFD7AF8FFAAD9755AFEC /* Pods_AdaTests.framework */,
				13CB7B7F722342B60BE76E63 /* Pods_AdaUITests.framework */,
			);
			name = Frameworks;
			sourceTree = "<group>";
		};
		FA3599DE21647DAD005C0484 /* docs */ = {
			isa = PBXGroup;
			children = (
				FA3599DF21647DAD005C0484 /* index.html */,
				FA3599E021647DAD005C0484 /* search.json */,
				FA3599E121647DAD005C0484 /* css */,
				FA3599E421647DAD005C0484 /* Classes */,
				FA3599E721647DAD005C0484 /* js */,
				FA3599EA21647DAD005C0484 /* img */,
				FA3599EE21647DAD005C0484 /* undocumented.json */,
				FA3599EF21647DAD005C0484 /* badge.svg */,
				FA3599F021647DAD005C0484 /* Classes.html */,
				FA3599F121647DAD005C0484 /* docsets */,
			);
			path = docs;
			sourceTree = "<group>";
		};
		FA3599E121647DAD005C0484 /* css */ = {
			isa = PBXGroup;
			children = (
				FA3599E221647DAD005C0484 /* highlight.css */,
				FA3599E321647DAD005C0484 /* jazzy.css */,
			);
			path = css;
			sourceTree = "<group>";
		};
		FA3599E421647DAD005C0484 /* Classes */ = {
			isa = PBXGroup;
			children = (
				FA3599E521647DAD005C0484 /* ViewController.html */,
				FA3599E621647DAD005C0484 /* AppDelegate.html */,
			);
			path = Classes;
			sourceTree = "<group>";
		};
		FA3599E721647DAD005C0484 /* js */ = {
			isa = PBXGroup;
			children = (
				FA3599E821647DAD005C0484 /* jquery.min.js */,
				FA3599E921647DAD005C0484 /* jazzy.js */,
			);
			path = js;
			sourceTree = "<group>";
		};
		FA3599EA21647DAD005C0484 /* img */ = {
			isa = PBXGroup;
			children = (
				FA3599EB21647DAD005C0484 /* carat.png */,
				FA3599EC21647DAD005C0484 /* dash.png */,
				FA3599ED21647DAD005C0484 /* gh.png */,
			);
			path = img;
			sourceTree = "<group>";
		};
		FA3599F121647DAD005C0484 /* docsets */ = {
			isa = PBXGroup;
			children = (
				FA3599F221647DAD005C0484 /* .docset */,
				FA359A0821647DAD005C0484 /* .tgz */,
			);
			path = docsets;
			sourceTree = "<group>";
		};
		FA3599F221647DAD005C0484 /* .docset */ = {
			isa = PBXGroup;
			children = (
				FA3599F321647DAD005C0484 /* Contents */,
			);
			path = .docset;
			sourceTree = "<group>";
		};
		FA3599F321647DAD005C0484 /* Contents */ = {
			isa = PBXGroup;
			children = (
				FA3599F421647DAD005C0484 /* Resources */,
				FA359A0721647DAD005C0484 /* Info.plist */,
			);
			path = Contents;
			sourceTree = "<group>";
		};
		FA3599F421647DAD005C0484 /* Resources */ = {
			isa = PBXGroup;
			children = (
				FA3599F521647DAD005C0484 /* docSet.dsidx */,
				FA3599F621647DAD005C0484 /* Documents */,
			);
			path = Resources;
			sourceTree = "<group>";
		};
		FA3599F621647DAD005C0484 /* Documents */ = {
			isa = PBXGroup;
			children = (
				FA3599F721647DAD005C0484 /* index.html */,
				FA3599F821647DAD005C0484 /* search.json */,
				FA3599F921647DAD005C0484 /* css */,
				FA3599FC21647DAD005C0484 /* Classes */,
				FA3599FF21647DAD005C0484 /* js */,
				FA359A0221647DAD005C0484 /* img */,
				FA359A0621647DAD005C0484 /* Classes.html */,
			);
			path = Documents;
			sourceTree = "<group>";
		};
		FA3599F921647DAD005C0484 /* css */ = {
			isa = PBXGroup;
			children = (
				FA3599FA21647DAD005C0484 /* highlight.css */,
				FA3599FB21647DAD005C0484 /* jazzy.css */,
			);
			path = css;
			sourceTree = "<group>";
		};
		FA3599FC21647DAD005C0484 /* Classes */ = {
			isa = PBXGroup;
			children = (
				FA3599FD21647DAD005C0484 /* ViewController.html */,
				FA3599FE21647DAD005C0484 /* AppDelegate.html */,
			);
			path = Classes;
			sourceTree = "<group>";
		};
		FA3599FF21647DAD005C0484 /* js */ = {
			isa = PBXGroup;
			children = (
				FA359A0021647DAD005C0484 /* jquery.min.js */,
				FA359A0121647DAD005C0484 /* jazzy.js */,
			);
			path = js;
			sourceTree = "<group>";
		};
		FA359A0221647DAD005C0484 /* img */ = {
			isa = PBXGroup;
			children = (
				FA359A0321647DAD005C0484 /* carat.png */,
				FA359A0421647DAD005C0484 /* dash.png */,
				FA359A0521647DAD005C0484 /* gh.png */,
			);
			path = img;
			sourceTree = "<group>";
		};
		FA359A2821647F75005C0484 /* Notes */ = {
			isa = PBXGroup;
			children = (
				FA359A2921647FA2005C0484 /* xcode.md */,
			);
			path = Notes;
			sourceTree = "<group>";
		};
		FA41AC5E2164773F00823ED5 = {
			isa = PBXGroup;
			children = (
				FA359A2821647F75005C0484 /* Notes */,
				FA3599DE21647DAD005C0484 /* docs */,
				FA41AC692164773F00823ED5 /* Ada */,
				FA41AC7E2164774000823ED5 /* AdaTests */,
				FA41AC892164774000823ED5 /* AdaUITests */,
				FA41AC682164773F00823ED5 /* Products */,
				FFCB481B81A96511A3029A43 /* Pods */,
				16101A69BB593D6888981C67 /* Frameworks */,
				FA3599DA21647A50005C0484 /* .gitignore */,
				FA41AC98216478E800823ED5 /* Podfile */,
				FA3599DC21647A94005C0484 /* LICENCE */,
				FA359A2621647E50005C0484 /* README.md */,
			);
			sourceTree = "<group>";
		};
		FA41AC682164773F00823ED5 /* Products */ = {
			isa = PBXGroup;
			children = (
				FA41AC672164773F00823ED5 /* Ada.app */,
				FA41AC7B2164774000823ED5 /* AdaTests.xctest */,
				FA41AC862164774000823ED5 /* AdaUITests.xctest */,
			);
			name = Products;
			sourceTree = "<group>";
		};
		FA41AC692164773F00823ED5 /* Ada */ = {
			isa = PBXGroup;
			children = (
				FA41AC6A2164773F00823ED5 /* AppDelegate.swift */,
				FA41AC6C2164773F00823ED5 /* ViewController.swift */,
				FA41AC6E2164773F00823ED5 /* Main.storyboard */,
				FA41AC712164774000823ED5 /* Assets.xcassets */,
				FA41AC732164774000823ED5 /* LaunchScreen.storyboard */,
				FA41AC762164774000823ED5 /* Info.plist */,
			);
			path = Ada;
			sourceTree = "<group>";
		};
		FA41AC7E2164774000823ED5 /* AdaTests */ = {
			isa = PBXGroup;
			children = (
				FA41AC7F2164774000823ED5 /* AdaTests.swift */,
				FA41AC812164774000823ED5 /* Info.plist */,
			);
			path = AdaTests;
			sourceTree = "<group>";
		};
		FA41AC892164774000823ED5 /* AdaUITests */ = {
			isa = PBXGroup;
			children = (
				FA41AC8A2164774000823ED5 /* AdaUITests.swift */,
				FA41AC8C2164774000823ED5 /* Info.plist */,
			);
			path = AdaUITests;
			sourceTree = "<group>";
		};
		FFCB481B81A96511A3029A43 /* Pods */ = {
			isa = PBXGroup;
			children = (
				9419A569BD0FE3D6FB0517EC /* Pods-Ada.debug.xcconfig */,
				DFC8BCB1CB98E1D8980ED05F /* Pods-Ada.release.xcconfig */,
				20E88D1C349D283EFF7644E5 /* Pods-AdaTests.debug.xcconfig */,
				5841E2E6090D125440075893 /* Pods-AdaTests.release.xcconfig */,
				10CDC0027279D467C7836072 /* Pods-AdaUITests.debug.xcconfig */,
				504CC7C597260466196F4192 /* Pods-AdaUITests.release.xcconfig */,
			);
			name = Pods;
			sourceTree = "<group>";
		};
/* End PBXGroup section */

/* Begin PBXNativeTarget section */
		FA41AC662164773F00823ED5 /* Ada */ = {
			isa = PBXNativeTarget;
			buildConfigurationList = FA41AC8F2164774000823ED5 /* Build configuration list for PBXNativeTarget "Ada" */;
			buildPhases = (
				CE31E4BD2F0BE4D4C543E740 /* [CP] Check Pods Manifest.lock */,
				FA41AC632164773F00823ED5 /* Sources */,
				FA41AC642164773F00823ED5 /* Frameworks */,
				FA41AC652164773F00823ED5 /* Resources */,
			);
			buildRules = (
			);
			dependencies = (
			);
			name = Ada;
			productName = Ada;
			productReference = FA41AC672164773F00823ED5 /* Ada.app */;
			productType = "com.apple.product-type.application";
		};
		FA41AC7A2164774000823ED5 /* AdaTests */ = {
			isa = PBXNativeTarget;
			buildConfigurationList = FA41AC922164774000823ED5 /* Build configuration list for PBXNativeTarget "AdaTests" */;
			buildPhases = (
				51C199C00AE0819C68D63C94 /* [CP] Check Pods Manifest.lock */,
				FA41AC772164774000823ED5 /* Sources */,
				FA41AC782164774000823ED5 /* Frameworks */,
				FA41AC792164774000823ED5 /* Resources */,
			);
			buildRules = (
			);
			dependencies = (
				FA41AC7D2164774000823ED5 /* PBXTargetDependency */,
			);
			name = AdaTests;
			productName = AdaTests;
			productReference = FA41AC7B2164774000823ED5 /* AdaTests.xctest */;
			productType = "com.apple.product-type.bundle.unit-test";
		};
		FA41AC852164774000823ED5 /* AdaUITests */ = {
			isa = PBXNativeTarget;
			buildConfigurationList = FA41AC952164774000823ED5 /* Build configuration list for PBXNativeTarget "AdaUITests" */;
			buildPhases = (
				961E36D31D8A1674A91CCCBF /* [CP] Check Pods Manifest.lock */,
				FA41AC822164774000823ED5 /* Sources */,
				FA41AC832164774000823ED5 /* Frameworks */,
				FA41AC842164774000823ED5 /* Resources */,
			);
			buildRules = (
			);
			dependencies = (
				FA41AC882164774000823ED5 /* PBXTargetDependency */,
			);
			name = AdaUITests;
			productName = AdaUITests;
			productReference = FA41AC862164774000823ED5 /* AdaUITests.xctest */;
			productType = "com.apple.product-type.bundle.ui-testing";
		};
/* End PBXNativeTarget section */

/* Begin PBXProject section */
		FA41AC5F2164773F00823ED5 /* Project object */ = {
			isa = PBXProject;
			attributes = {
				LastSwiftUpdateCheck = 1000;
				LastUpgradeCheck = 1000;
				ORGANIZATIONNAME = "paper-radio";
				TargetAttributes = {
					FA41AC662164773F00823ED5 = {
						CreatedOnToolsVersion = 10.0;
					};
					FA41AC7A2164774000823ED5 = {
						CreatedOnToolsVersion = 10.0;
						TestTargetID = FA41AC662164773F00823ED5;
					};
					FA41AC852164774000823ED5 = {
						CreatedOnToolsVersion = 10.0;
						TestTargetID = FA41AC662164773F00823ED5;
					};
				};
			};
			buildConfigurationList = FA41AC622164773F00823ED5 /* Build configuration list for PBXProject "Ada" */;
			compatibilityVersion = "Xcode 9.3";
			developmentRegion = en;
			hasScannedForEncodings = 0;
			knownRegions = (
				en,
				Base,
			);
			mainGroup = FA41AC5E2164773F00823ED5;
			productRefGroup = FA41AC682164773F00823ED5 /* Products */;
			projectDirPath = "";
			projectRoot = "";
			targets = (
				FA41AC662164773F00823ED5 /* Ada */,
				FA41AC7A2164774000823ED5 /* AdaTests */,
				FA41AC852164774000823ED5 /* AdaUITests */,
			);
		};
/* End PBXProject section */

/* Begin PBXResourcesBuildPhase section */
		FA41AC652164773F00823ED5 /* Resources */ = {
			isa = PBXResourcesBuildPhase;
			buildActionMask = 2147483647;
			files = (
				FA359A0921647DAD005C0484 /* index.html in Resources */,
				FA359A2321647DAD005C0484 /* Classes.html in Resources */,
				FA359A1821647DAD005C0484 /* index.html in Resources */,
				FA359A1F21647DAD005C0484 /* jazzy.js in Resources */,
				FA359A1E21647DAD005C0484 /* jquery.min.js in Resources */,
				FA359A2521647DAD005C0484 /* .tgz in Resources */,
				FA359A2721647E50005C0484 /* README.md in Resources */,
				FA359A0A21647DAD005C0484 /* search.json in Resources */,
				FA359A1C21647DAD005C0484 /* ViewController.html in Resources */,
				FA359A1D21647DAD005C0484 /* AppDelegate.html in Resources */,
				FA3599DD21647A94005C0484 /* LICENCE in Resources */,
				FA359A2221647DAD005C0484 /* gh.png in Resources */,
				FA359A2421647DAD005C0484 /* Info.plist in Resources */,
				FA359A1321647DAD005C0484 /* gh.png in Resources */,
				FA359A1421647DAD005C0484 /* undocumented.json in Resources */,
				FA359A1021647DAD005C0484 /* jazzy.js in Resources */,
				FA359A1121647DAD005C0484 /* carat.png in Resources */,
				FA359A1721647DAD005C0484 /* docSet.dsidx in Resources */,
				FA359A0B21647DAD005C0484 /* highlight.css in Resources */,
				FA3599DB21647A50005C0484 /* .gitignore in Resources */,
				FA359A2121647DAD005C0484 /* dash.png in Resources */,
				FA41AC752164774000823ED5 /* LaunchScreen.storyboard in Resources */,
				FA359A1A21647DAD005C0484 /* highlight.css in Resources */,
				FA359A0C21647DAD005C0484 /* jazzy.css in Resources */,
				FA359A1921647DAD005C0484 /* search.json in Resources */,
				FA359A2021647DAD005C0484 /* carat.png in Resources */,
				FA359A1521647DAD005C0484 /* badge.svg in Resources */,
				FA359A0E21647DAD005C0484 /* AppDelegate.html in Resources */,
				FA359A1621647DAD005C0484 /* Classes.html in Resources */,
				FA41AC722164774000823ED5 /* Assets.xcassets in Resources */,
				FA359A1221647DAD005C0484 /* dash.png in Resources */,
				FA41AC99216478E800823ED5 /* Podfile in Resources */,
				FA359A1B21647DAD005C0484 /* jazzy.css in Resources */,
				FA41AC702164773F00823ED5 /* Main.storyboard in Resources */,
				FA359A0F21647DAD005C0484 /* jquery.min.js in Resources */,
				FA359A0D21647DAD005C0484 /* ViewController.html in Resources */,
			);
			runOnlyForDeploymentPostprocessing = 0;
		};
		FA41AC792164774000823ED5 /* Resources */ = {
			isa = PBXResourcesBuildPhase;
			buildActionMask = 2147483647;
			files = (
			);
			runOnlyForDeploymentPostprocessing = 0;
		};
		FA41AC842164774000823ED5 /* Resources */ = {
			isa = PBXResourcesBuildPhase;
			buildActionMask = 2147483647;
			files = (
			);
			runOnlyForDeploymentPostprocessing = 0;
		};
/* End PBXResourcesBuildPhase section */

/* Begin PBXShellScriptBuildPhase section */
		51C199C00AE0819C68D63C94 /* [CP] Check Pods Manifest.lock */ = {
			isa = PBXShellScriptBuildPhase;
			buildActionMask = 2147483647;
			files = (
			);
			inputFileListPaths = (
			);
			inputPaths = (
				"${PODS_PODFILE_DIR_PATH}/Podfile.lock",
				"${PODS_ROOT}/Manifest.lock",
			);
			name = "[CP] Check Pods Manifest.lock";
			outputFileListPaths = (
			);
			outputPaths = (
				"$(DERIVED_FILE_DIR)/Pods-AdaTests-checkManifestLockResult.txt",
			);
			runOnlyForDeploymentPostprocessing = 0;
			shellPath = /bin/sh;
			shellScript = "diff \"${PODS_PODFILE_DIR_PATH}/Podfile.lock\" \"${PODS_ROOT}/Manifest.lock\" > /dev/null\nif [ $? != 0 ] ; then\n    # print error to STDERR\n    echo \"error: The sandbox is not in sync with the Podfile.lock. Run 'pod install' or update your CocoaPods installation.\" >&2\n    exit 1\nfi\n# This output is used by Xcode 'outputs' to avoid re-running this script phase.\necho \"SUCCESS\" > \"${SCRIPT_OUTPUT_FILE_0}\"\n";
			showEnvVarsInLog = 0;
		};
		961E36D31D8A1674A91CCCBF /* [CP] Check Pods Manifest.lock */ = {
			isa = PBXShellScriptBuildPhase;
			buildActionMask = 2147483647;
			files = (
			);
			inputFileListPaths = (
			);
			inputPaths = (
				"${PODS_PODFILE_DIR_PATH}/Podfile.lock",
				"${PODS_ROOT}/Manifest.lock",
			);
			name = "[CP] Check Pods Manifest.lock";
			outputFileListPaths = (
			);
			outputPaths = (
				"$(DERIVED_FILE_DIR)/Pods-AdaUITests-checkManifestLockResult.txt",
			);
			runOnlyForDeploymentPostprocessing = 0;
			shellPath = /bin/sh;
			shellScript = "diff \"${PODS_PODFILE_DIR_PATH}/Podfile.lock\" \"${PODS_ROOT}/Manifest.lock\" > /dev/null\nif [ $? != 0 ] ; then\n    # print error to STDERR\n    echo \"error: The sandbox is not in sync with the Podfile.lock. Run 'pod install' or update your CocoaPods installation.\" >&2\n    exit 1\nfi\n# This output is used by Xcode 'outputs' to avoid re-running this script phase.\necho \"SUCCESS\" > \"${SCRIPT_OUTPUT_FILE_0}\"\n";
			showEnvVarsInLog = 0;
		};
		CE31E4BD2F0BE4D4C543E740 /* [CP] Check Pods Manifest.lock */ = {
			isa = PBXShellScriptBuildPhase;
			buildActionMask = 2147483647;
			files = (
			);
			inputFileListPaths = (
			);
			inputPaths = (
				"${PODS_PODFILE_DIR_PATH}/Podfile.lock",
				"${PODS_ROOT}/Manifest.lock",
			);
			name = "[CP] Check Pods Manifest.lock";
			outputFileListPaths = (
			);
			outputPaths = (
				"$(DERIVED_FILE_DIR)/Pods-Ada-checkManifestLockResult.txt",
			);
			runOnlyForDeploymentPostprocessing = 0;
			shellPath = /bin/sh;
			shellScript = "diff \"${PODS_PODFILE_DIR_PATH}/Podfile.lock\" \"${PODS_ROOT}/Manifest.lock\" > /dev/null\nif [ $? != 0 ] ; then\n    # print error to STDERR\n    echo \"error: The sandbox is not in sync with the Podfile.lock. Run 'pod install' or update your CocoaPods installation.\" >&2\n    exit 1\nfi\n# This output is used by Xcode 'outputs' to avoid re-running this script phase.\necho \"SUCCESS\" > \"${SCRIPT_OUTPUT_FILE_0}\"\n";
			showEnvVarsInLog = 0;
		};
/* End PBXShellScriptBuildPhase section */

/* Begin PBXSourcesBuildPhase section */
		FA41AC632164773F00823ED5 /* Sources */ = {
			isa = PBXSourcesBuildPhase;
			buildActionMask = 2147483647;
			files = (
				FA41AC6D2164773F00823ED5 /* ViewController.swift in Sources */,
				FA41AC6B2164773F00823ED5 /* AppDelegate.swift in Sources */,
			);
			runOnlyForDeploymentPostprocessing = 0;
		};
		FA41AC772164774000823ED5 /* Sources */ = {
			isa = PBXSourcesBuildPhase;
			buildActionMask = 2147483647;
			files = (
				FA41AC802164774000823ED5 /* AdaTests.swift in Sources */,
			);
			runOnlyForDeploymentPostprocessing = 0;
		};
		FA41AC822164774000823ED5 /* Sources */ = {
			isa = PBXSourcesBuildPhase;
			buildActionMask = 2147483647;
			files = (
				FA41AC8B2164774000823ED5 /* AdaUITests.swift in Sources */,
			);
			runOnlyForDeploymentPostprocessing = 0;
		};
/* End PBXSourcesBuildPhase section */

/* Begin PBXTargetDependency section */
		FA41AC7D2164774000823ED5 /* PBXTargetDependency */ = {
			isa = PBXTargetDependency;
			target = FA41AC662164773F00823ED5 /* Ada */;
			targetProxy = FA41AC7C2164774000823ED5 /* PBXContainerItemProxy */;
		};
		FA41AC882164774000823ED5 /* PBXTargetDependency */ = {
			isa = PBXTargetDependency;
			target = FA41AC662164773F00823ED5 /* Ada */;
			targetProxy = FA41AC872164774000823ED5 /* PBXContainerItemProxy */;
		};
/* End PBXTargetDependency section */

/* Begin PBXVariantGroup section */
		FA41AC6E2164773F00823ED5 /* Main.storyboard */ = {
			isa = PBXVariantGroup;
			children = (
				FA41AC6F2164773F00823ED5 /* Base */,
			);
			name = Main.storyboard;
			sourceTree = "<group>";
		};
		FA41AC732164774000823ED5 /* LaunchScreen.storyboard */ = {
			isa = PBXVariantGroup;
			children = (
				FA41AC742164774000823ED5 /* Base */,
			);
			name = LaunchScreen.storyboard;
			sourceTree = "<group>";
		};
/* End PBXVariantGroup section */

/* Begin XCBuildConfiguration section */
		FA41AC8D2164774000823ED5 /* Debug */ = {
			isa = XCBuildConfiguration;
			buildSettings = {
				ALWAYS_SEARCH_USER_PATHS = NO;
				CLANG_ANALYZER_NONNULL = YES;
				CLANG_ANALYZER_NUMBER_OBJECT_CONVERSION = YES_AGGRESSIVE;
				CLANG_CXX_LANGUAGE_STANDARD = "gnu++14";
				CLANG_CXX_LIBRARY = "libc++";
				CLANG_ENABLE_MODULES = YES;
				CLANG_ENABLE_OBJC_ARC = YES;
				CLANG_ENABLE_OBJC_WEAK = YES;
				CLANG_WARN_BLOCK_CAPTURE_AUTORELEASING = YES;
				CLANG_WARN_BOOL_CONVERSION = YES;
				CLANG_WARN_COMMA = YES;
				CLANG_WARN_CONSTANT_CONVERSION = YES;
				CLANG_WARN_DEPRECATED_OBJC_IMPLEMENTATIONS = YES;
				CLANG_WARN_DIRECT_OBJC_ISA_USAGE = YES_ERROR;
				CLANG_WARN_DOCUMENTATION_COMMENTS = YES;
				CLANG_WARN_EMPTY_BODY = YES;
				CLANG_WARN_ENUM_CONVERSION = YES;
				CLANG_WARN_INFINITE_RECURSION = YES;
				CLANG_WARN_INT_CONVERSION = YES;
				CLANG_WARN_NON_LITERAL_NULL_CONVERSION = YES;
				CLANG_WARN_OBJC_IMPLICIT_RETAIN_SELF = YES;
				CLANG_WARN_OBJC_LITERAL_CONVERSION = YES;
				CLANG_WARN_OBJC_ROOT_CLASS = YES_ERROR;
				CLANG_WARN_RANGE_LOOP_ANALYSIS = YES;
				CLANG_WARN_STRICT_PROTOTYPES = YES;
				CLANG_WARN_SUSPICIOUS_MOVE = YES;
				CLANG_WARN_UNGUARDED_AVAILABILITY = YES_AGGRESSIVE;
				CLANG_WARN_UNREACHABLE_CODE = YES;
				CLANG_WARN__DUPLICATE_METHOD_MATCH = YES;
				CODE_SIGN_IDENTITY = "iPhone Developer";
				COPY_PHASE_STRIP = NO;
				DEBUG_INFORMATION_FORMAT = dwarf;
				ENABLE_STRICT_OBJC_MSGSEND = YES;
				ENABLE_TESTABILITY = YES;
				GCC_C_LANGUAGE_STANDARD = gnu11;
				GCC_DYNAMIC_NO_PIC = NO;
				GCC_NO_COMMON_BLOCKS = YES;
				GCC_OPTIMIZATION_LEVEL = 0;
				GCC_PREPROCESSOR_DEFINITIONS = (
					"DEBUG=1",
					"$(inherited)",
				);
				GCC_WARN_64_TO_32_BIT_CONVERSION = YES;
				GCC_WARN_ABOUT_RETURN_TYPE = YES_ERROR;
				GCC_WARN_UNDECLARED_SELECTOR = YES;
				GCC_WARN_UNINITIALIZED_AUTOS = YES_AGGRESSIVE;
				GCC_WARN_UNUSED_FUNCTION = YES;
				GCC_WARN_UNUSED_VARIABLE = YES;
				IPHONEOS_DEPLOYMENT_TARGET = 12.0;
				MTL_ENABLE_DEBUG_INFO = INCLUDE_SOURCE;
				MTL_FAST_MATH = YES;
				ONLY_ACTIVE_ARCH = YES;
				SDKROOT = iphoneos;
				SWIFT_ACTIVE_COMPILATION_CONDITIONS = DEBUG;
				SWIFT_OPTIMIZATION_LEVEL = "-Onone";
			};
			name = Debug;
		};
		FA41AC8E2164774000823ED5 /* Release */ = {
			isa = XCBuildConfiguration;
			buildSettings = {
				ALWAYS_SEARCH_USER_PATHS = NO;
				CLANG_ANALYZER_NONNULL = YES;
				CLANG_ANALYZER_NUMBER_OBJECT_CONVERSION = YES_AGGRESSIVE;
				CLANG_CXX_LANGUAGE_STANDARD = "gnu++14";
				CLANG_CXX_LIBRARY = "libc++";
				CLANG_ENABLE_MODULES = YES;
				CLANG_ENABLE_OBJC_ARC = YES;
				CLANG_ENABLE_OBJC_WEAK = YES;
				CLANG_WARN_BLOCK_CAPTURE_AUTORELEASING = YES;
				CLANG_WARN_BOOL_CONVERSION = YES;
				CLANG_WARN_COMMA = YES;
				CLANG_WARN_CONSTANT_CONVERSION = YES;
				CLANG_WARN_DEPRECATED_OBJC_IMPLEMENTATIONS = YES;
				CLANG_WARN_DIRECT_OBJC_ISA_USAGE = YES_ERROR;
				CLANG_WARN_DOCUMENTATION_COMMENTS = YES;
				CLANG_WARN_EMPTY_BODY = YES;
				CLANG_WARN_ENUM_CONVERSION = YES;
				CLANG_WARN_INFINITE_RECURSION = YES;
				CLANG_WARN_INT_CONVERSION = YES;
				CLANG_WARN_NON_LITERAL_NULL_CONVERSION = YES;
				CLANG_WARN_OBJC_IMPLICIT_RETAIN_SELF = YES;
				CLANG_WARN_OBJC_LITERAL_CONVERSION = YES;
				CLANG_WARN_OBJC_ROOT_CLASS = YES_ERROR;
				CLANG_WARN_RANGE_LOOP_ANALYSIS = YES;
				CLANG_WARN_STRICT_PROTOTYPES = YES;
				CLANG_WARN_SUSPICIOUS_MOVE = YES;
				CLANG_WARN_UNGUARDED_AVAILABILITY = YES_AGGRESSIVE;
				CLANG_WARN_UNREACHABLE_CODE = YES;
				CLANG_WARN__DUPLICATE_METHOD_MATCH = YES;
				CODE_SIGN_IDENTITY = "iPhone Developer";
				COPY_PHASE_STRIP = NO;
				DEBUG_INFORMATION_FORMAT = "dwarf-with-dsym";
				ENABLE_NS_ASSERTIONS = NO;
				ENABLE_STRICT_OBJC_MSGSEND = YES;
				GCC_C_LANGUAGE_STANDARD = gnu11;
				GCC_NO_COMMON_BLOCKS = YES;
				GCC_WARN_64_TO_32_BIT_CONVERSION = YES;
				GCC_WARN_ABOUT_RETURN_TYPE = YES_ERROR;
				GCC_WARN_UNDECLARED_SELECTOR = YES;
				GCC_WARN_UNINITIALIZED_AUTOS = YES_AGGRESSIVE;
				GCC_WARN_UNUSED_FUNCTION = YES;
				GCC_WARN_UNUSED_VARIABLE = YES;
				IPHONEOS_DEPLOYMENT_TARGET = 12.0;
				MTL_ENABLE_DEBUG_INFO = NO;
				MTL_FAST_MATH = YES;
				SDKROOT = iphoneos;
				SWIFT_COMPILATION_MODE = wholemodule;
				SWIFT_OPTIMIZATION_LEVEL = "-O";
				VALIDATE_PRODUCT = YES;
			};
			name = Release;
		};
		FA41AC902164774000823ED5 /* Debug */ = {
			isa = XCBuildConfiguration;
			baseConfigurationReference = 9419A569BD0FE3D6FB0517EC /* Pods-Ada.debug.xcconfig */;
			buildSettings = {
				ASSETCATALOG_COMPILER_APPICON_NAME = AppIcon;
				CODE_SIGN_STYLE = Automatic;
				DEVELOPMENT_TEAM = 9SYX7FF3H6;
				INFOPLIST_FILE = Ada/Info.plist;
				LD_RUNPATH_SEARCH_PATHS = (
					"$(inherited)",
					"@executable_path/Frameworks",
				);
				PRODUCT_BUNDLE_IDENTIFIER = "com.paper-radio.Ada";
				PRODUCT_NAME = "$(TARGET_NAME)";
				SWIFT_VERSION = 4.2;
				TARGETED_DEVICE_FAMILY = "1,2";
			};
			name = Debug;
		};
		FA41AC912164774000823ED5 /* Release */ = {
			isa = XCBuildConfiguration;
			baseConfigurationReference = DFC8BCB1CB98E1D8980ED05F /* Pods-Ada.release.xcconfig */;
			buildSettings = {
				ASSETCATALOG_COMPILER_APPICON_NAME = AppIcon;
				CODE_SIGN_STYLE = Automatic;
				DEVELOPMENT_TEAM = 9SYX7FF3H6;
				INFOPLIST_FILE = Ada/Info.plist;
				LD_RUNPATH_SEARCH_PATHS = (
					"$(inherited)",
					"@executable_path/Frameworks",
				);
				PRODUCT_BUNDLE_IDENTIFIER = "com.paper-radio.Ada";
				PRODUCT_NAME = "$(TARGET_NAME)";
				SWIFT_VERSION = 4.2;
				TARGETED_DEVICE_FAMILY = "1,2";
			};
			name = Release;
		};
		FA41AC932164774000823ED5 /* Debug */ = {
			isa = XCBuildConfiguration;
			baseConfigurationReference = 20E88D1C349D283EFF7644E5 /* Pods-AdaTests.debug.xcconfig */;
			buildSettings = {
				ALWAYS_EMBED_SWIFT_STANDARD_LIBRARIES = YES;
				BUNDLE_LOADER = "$(TEST_HOST)";
				CODE_SIGN_STYLE = Automatic;
				DEVELOPMENT_TEAM = 9SYX7FF3H6;
				INFOPLIST_FILE = AdaTests/Info.plist;
				LD_RUNPATH_SEARCH_PATHS = (
					"$(inherited)",
					"@executable_path/Frameworks",
					"@loader_path/Frameworks",
				);
				PRODUCT_BUNDLE_IDENTIFIER = "com.paper-radio.AdaTests";
				PRODUCT_NAME = "$(TARGET_NAME)";
				SWIFT_VERSION = 4.2;
				TARGETED_DEVICE_FAMILY = "1,2";
				TEST_HOST = "$(BUILT_PRODUCTS_DIR)/Ada.app/Ada";
			};
			name = Debug;
		};
		FA41AC942164774000823ED5 /* Release */ = {
			isa = XCBuildConfiguration;
			baseConfigurationReference = 5841E2E6090D125440075893 /* Pods-AdaTests.release.xcconfig */;
			buildSettings = {
				ALWAYS_EMBED_SWIFT_STANDARD_LIBRARIES = YES;
				BUNDLE_LOADER = "$(TEST_HOST)";
				CODE_SIGN_STYLE = Automatic;
				DEVELOPMENT_TEAM = 9SYX7FF3H6;
				INFOPLIST_FILE = AdaTests/Info.plist;
				LD_RUNPATH_SEARCH_PATHS = (
					"$(inherited)",
					"@executable_path/Frameworks",
					"@loader_path/Frameworks",
				);
				PRODUCT_BUNDLE_IDENTIFIER = "com.paper-radio.AdaTests";
				PRODUCT_NAME = "$(TARGET_NAME)";
				SWIFT_VERSION = 4.2;
				TARGETED_DEVICE_FAMILY = "1,2";
				TEST_HOST = "$(BUILT_PRODUCTS_DIR)/Ada.app/Ada";
			};
			name = Release;
		};
		FA41AC962164774000823ED5 /* Debug */ = {
			isa = XCBuildConfiguration;
			baseConfigurationReference = 10CDC0027279D467C7836072 /* Pods-AdaUITests.debug.xcconfig */;
			buildSettings = {
				ALWAYS_EMBED_SWIFT_STANDARD_LIBRARIES = YES;
				CODE_SIGN_STYLE = Automatic;
				DEVELOPMENT_TEAM = 9SYX7FF3H6;
				INFOPLIST_FILE = AdaUITests/Info.plist;
				LD_RUNPATH_SEARCH_PATHS = (
					"$(inherited)",
					"@executable_path/Frameworks",
					"@loader_path/Frameworks",
				);
				PRODUCT_BUNDLE_IDENTIFIER = "com.paper-radio.AdaUITests";
				PRODUCT_NAME = "$(TARGET_NAME)";
				SWIFT_VERSION = 4.2;
				TARGETED_DEVICE_FAMILY = "1,2";
				TEST_TARGET_NAME = Ada;
			};
			name = Debug;
		};
		FA41AC972164774000823ED5 /* Release */ = {
			isa = XCBuildConfiguration;
			baseConfigurationReference = 504CC7C597260466196F4192 /* Pods-AdaUITests.release.xcconfig */;
			buildSettings = {
				ALWAYS_EMBED_SWIFT_STANDARD_LIBRARIES = YES;
				CODE_SIGN_STYLE = Automatic;
				DEVELOPMENT_TEAM = 9SYX7FF3H6;
				INFOPLIST_FILE = AdaUITests/Info.plist;
				LD_RUNPATH_SEARCH_PATHS = (
					"$(inherited)",
					"@executable_path/Frameworks",
					"@loader_path/Frameworks",
				);
				PRODUCT_BUNDLE_IDENTIFIER = "com.paper-radio.AdaUITests";
				PRODUCT_NAME = "$(TARGET_NAME)";
				SWIFT_VERSION = 4.2;
				TARGETED_DEVICE_FAMILY = "1,2";
				TEST_TARGET_NAME = Ada;
			};
			name = Release;
		};
/* End XCBuildConfiguration section */

/* Begin XCConfigurationList section */
		FA41AC622164773F00823ED5 /* Build configuration list for PBXProject "Ada" */ = {
			isa = XCConfigurationList;
			buildConfigurations = (
				FA41AC8D2164774000823ED5 /* Debug */,
				FA41AC8E2164774000823ED5 /* Release */,
			);
			defaultConfigurationIsVisible = 0;
			defaultConfigurationName = Release;
		};
		FA41AC8F2164774000823ED5 /* Build configuration list for PBXNativeTarget "Ada" */ = {
			isa = XCConfigurationList;
			buildConfigurations = (
				FA41AC902164774000823ED5 /* Debug */,
				FA41AC912164774000823ED5 /* Release */,
			);
			defaultConfigurationIsVisible = 0;
			defaultConfigurationName = Release;
		};
		FA41AC922164774000823ED5 /* Build configuration list for PBXNativeTarget "AdaTests" */ = {
			isa = XCConfigurationList;
			buildConfigurations = (
				FA41AC932164774000823ED5 /* Debug */,
				FA41AC942164774000823ED5 /* Release */,
			);
			defaultConfigurationIsVisible = 0;
			defaultConfigurationName = Release;
		};
		FA41AC952164774000823ED5 /* Build configuration list for PBXNativeTarget "AdaUITests" */ = {
			isa = XCConfigurationList;
			buildConfigurations = (
				FA41AC962164774000823ED5 /* Debug */,
				FA41AC972164774000823ED5 /* Release */,
			);
			defaultConfigurationIsVisible = 0;
			defaultConfigurationName = Release;
		};
/* End XCConfigurationList section */
	};
	rootObject = FA41AC5F2164773F00823ED5 /* Project object */;
}
